
Microsoft Visual Studio Solution File, Format Version 12.00
# Visual Studio Version 17
VisualStudioVersion = 17.6.33815.320
MinimumVisualStudioVersion = 10.0.40219.1
Project("{8BC9CEB8-8B4A-11D0-8D11-00A0C91BC942}") = "netpipe", "netpipe.vcxproj", "{3494906D-E3EE-46EE-89E3-7C92C320BC78}"
EndProject
Project("{8BC9CEB8-8B4A-11D0-8D11-00A0C91BC942}") = "netpipe-svc", "netpipe-svc.vcxproj", "{A094E4F8-4CA5-40F0-9D35-6D5A78009ADC}"
EndProject
Global
	GlobalSection(SolutionConfigurationPlatforms) = preSolution
		Debug|ARM = Debug|ARM
		Debug|ARM64 = Debug|ARM64
		Debug|x64 = Debug|x64
		Debug|x86 = Debug|x86
		Release|ARM = Release|ARM
		Release|ARM64 = Release|ARM64
		Release|x64 = Release|x64
		Release|x86 = Release|x86
	EndGlobalSection
	GlobalSection(ProjectConfigurationPlatforms) = postSolution
		{3494906D-E3EE-46EE-89E3-7C92C320BC78}.Debug|ARM.ActiveCfg = Debug|Win32
		{3494906D-E3EE-46EE-89E3-7C92C320BC78}.Debug|ARM64.ActiveCfg = Debug|Win32
		{3494906D-E3EE-46EE-89E3-7C92C320BC78}.Debug|x64.ActiveCfg = Debug|x64
		{3494906D-E3EE-46EE-89E3-7C92C320BC78}.Debug|x64.Build.0 = Debug|x64
		{3494906D-E3EE-46EE-89E3-7C92C320BC78}.Debug|x86.ActiveCfg = Debug|Win32
		{3494906D-E3EE-46EE-89E3-7C92C320BC78}.Debug|x86.Build.0 = Debug|Win32
		{3494906D-E3EE-46EE-89E3-7C92C320BC78}.Release|ARM.ActiveCfg = Release|Win32
		{3494906D-E3EE-46EE-89E3-7C92C320BC78}.Release|ARM64.ActiveCfg = Release|Win32
		{3494906D-E3EE-46EE-89E3-7C92C320BC78}.Release|x64.ActiveCfg = Release|x64
		{3494906D-E3EE-46EE-89E3-7C92C320BC78}.Release|x64.Build.0 = Release|x64
		{3494906D-E3EE-46EE-89E3-7C92C320BC78}.Release|x86.ActiveCfg = Release|Win32
		{3494906D-E3EE-46EE-89E3-7C92C320BC78}.Release|x86.Build.0 = Release|Win32
		{A094E4F8-4CA5-40F0-9D35-6D5A78009ADC}.Debug|ARM.ActiveCfg = Debug|Win32
		{A094E4F8-4CA5-40F0-9D35-6D5A78009ADC}.Debug|ARM64.ActiveCfg = Debug|Win32
		{A094E4F8-4CA5-40F0-9D35-6D5A78009ADC}.Debug|x64.ActiveCfg = Debug|x64
		{A094E4F8-4CA5-40F0-9D35-6D5A78009ADC}.Debug|x64.Build.0 = Debug|x64
		{A094E4F8-4CA5-40F0-9D35-6D5A78009ADC}.Debug|x86.ActiveCfg = Debug|Win32
		{A094E4F8-4CA5-40F0-9D35-6D5A78009ADC}.Debug|x86.Build.0 = Debug|Win32
		{A094E4F8-4CA5-40F0-9D35-6D5A78009ADC}.Release|ARM.ActiveCfg = Release|Win32
		{A094E4F8-4CA5-40F0-9D35-6D5A78009ADC}.Release|ARM64.ActiveCfg = Release|Win32
		{A094E4F8-4CA5-40F0-9D35-6D5A78009ADC}.Release|x64.ActiveCfg = Release|x64
		{A094E4F8-4CA5-40F0-9D35-6D5A78009ADC}.Release|x64.Build.0 = Release|x64
		{A094E4F8-4CA5-40F0-9D35-6D5A78009ADC}.Release|x86.ActiveCfg = Release|Win32
		{A094E4F8-4CA5-40F0-9D35-6D5A78009ADC}.Release|x86.Build.0 = Release|Win32
	EndGlobalSection
	GlobalSection(SolutionProperties) = preSolution
		HideSolutionNode = FALSE
	EndGlobalSection
	GlobalSection(ExtensibilityGlobals) = postSolution
		SolutionGuid = {6AA8F6DD-DB29-4F62-B5B4-B47B4DC14DE7}
	EndGlobalSection
EndGlobal
